
Microsoft Visual Studio Solution File, Format Version 12.00
# Visual Studio Version 17
VisualStudioVersion = 17.8.34408.163
MinimumVisualStudioVersion = 10.0.40219.1
Project("{FAE04EC0-301F-11D3-BF4B-00C04F79EFBC}") = "SimpleCSharpMastermind", "SimpleCSharpMastermind\SimpleCSharpMastermind.csproj", "{EAFDF64F-46A8-409A-BF86-90A34B72138C}"
EndProject
Global
	GlobalSection(SolutionConfigurationPlatforms) = preSolution
		Debug|Any CPU = Debug|Any CPU
		Release|Any CPU = Release|Any CPU
	EndGlobalSection
	GlobalSection(ProjectConfigurationPlatforms) = postSolution
		{EAFDF64F-46A8-409A-BF86-90A34B72138C}.Debug|Any CPU.ActiveCfg = Debug|Any CPU
		{EAFDF64F-46A8-409A-BF86-90A34B72138C}.Debug|Any CPU.Build.0 = Debug|Any CPU
		{EAFDF64F-46A8-409A-BF86-90A34B72138C}.Release|Any CPU.ActiveCfg = Release|Any CPU
		{EAFDF64F-46A8-409A-BF86-90A34B72138C}.Release|Any CPU.Build.0 = Release|Any CPU
	EndGlobalSection
	GlobalSection(SolutionProperties) = preSolution
		HideSolutionNode = FALSE
	EndGlobalSection
	GlobalSection(ExtensibilityGlobals) = postSolution
		SolutionGuid = {5DE48F5E-D9AB-4BF3-8CAC-C38DD1735349}
	EndGlobalSection
EndGlobal
